// !$*UTF8*$!
{
	archiveVersion = 1;
	classes = {
	};
	objectVersion = 46;
	objects = {

/* Begin PBXBuildFile section */
		7B431D4D1DF651AD00228135 /* main.m in Sources */ = {isa = PBXBuildFile; fileRef = 7B431D4C1DF651AD00228135 /* main.m */; };
/* End PBXBuildFile section */

/* Begin PBXCopyFilesBuildPhase section */
		7B431D471DF651AD00228135 /* CopyFiles */ = {
			isa = PBXCopyFilesBuildPhase;
			buildActionMask = 2147483647;
			dstPath = /usr/share/man/man1/;
			dstSubfolderSpec = 0;
			files = (
			);
			runOnlyForDeploymentPostprocessing = 1;
		};
/* End PBXCopyFilesBuildPhase section */

/* Begin PBXFileReference section */
		7B0C162A1E002844009D8D85 /* pdfbooklet.1 */ = {isa = PBXFileReference; fileEncoding = 4; lastKnownFileType = text.man; path = pdfbooklet.1; sourceTree = "<group>"; };
		7B0C162B1E00494F009D8D85 /* LICENSE */ = {isa = PBXFileReference; fileEncoding = 4; lastKnownFileType = text; name = LICENSE; path = pdfbooklet/LICENSE; sourceTree = "<group>"; };
		7B0C162C1E00536B009D8D85 /* README.md */ = {isa = PBXFileReference; fileEncoding = 4; lastKnownFileType = net.daringfireball.markdown; name = README.md; path = pdfbooklet/README.md; sourceTree = "<group>"; };
		7B431D491DF651AD00228135 /* pdfbooklet */ = {isa = PBXFileReference; explicitFileType = "compiled.mach-o.executable"; includeInIndex = 0; path = pdfbooklet; sourceTree = BUILT_PRODUCTS_DIR; };
		7B431D4C1DF651AD00228135 /* main.m */ = {isa = PBXFileReference; lastKnownFileType = sourcecode.c.objc; path = main.m; sourceTree = "<group>"; };
/* End PBXFileReference section */

/* Begin PBXFrameworksBuildPhase section */
		7B431D461DF651AD00228135 /* Frameworks */ = {
			isa = PBXFrameworksBuildPhase;
			buildActionMask = 2147483647;
			files = (
			);
			runOnlyForDeploymentPostprocessing = 0;
		};
/* End PBXFrameworksBuildPhase section */

/* Begin PBXGroup section */
		7B431D401DF651AD00228135 = {
			isa = PBXGroup;
			children = (
				7B0C162C1E00536B009D8D85 /* README.md */,
				7B0C162B1E00494F009D8D85 /* LICENSE */,
				7B431D4B1DF651AD00228135 /* pdfbooklet */,
				7B431D4A1DF651AD00228135 /* Products */,
			);
			sourceTree = "<group>";
		};
		7B431D4A1DF651AD00228135 /* Products */ = {
			isa = PBXGroup;
			children = (
				7B431D491DF651AD00228135 /* pdfbooklet */,
			);
			name = Products;
			sourceTree = "<group>";
		};
		7B431D4B1DF651AD00228135 /* pdfbooklet */ = {
			isa = PBXGroup;
			children = (
				7B431D4C1DF651AD00228135 /* main.m */,
				7B0C162A1E002844009D8D85 /* pdfbooklet.1 */,
			);
			path = pdfbooklet;
			sourceTree = "<group>";
		};
/* End PBXGroup section */

/* Begin PBXNativeTarget section */
		7B431D481DF651AD00228135 /* pdfbooklet */ = {
			isa = PBXNativeTarget;
			buildConfigurationList = 7B431D501DF651AD00228135 /* Build configuration list for PBXNativeTarget "pdfbooklet" */;
			buildPhases = (
				7B431D451DF651AD00228135 /* Sources */,
				7B431D461DF651AD00228135 /* Frameworks */,
				7B431D471DF651AD00228135 /* CopyFiles */,
			);
			buildRules = (
			);
			dependencies = (
			);
			name = pdfbooklet;
			productName = pdfbooklet;
			productReference = 7B431D491DF651AD00228135 /* pdfbooklet */;
			productType = "com.apple.product-type.tool";
		};
/* End PBXNativeTarget section */

/* Begin PBXProject section */
		7B431D411DF651AD00228135 /* Project object */ = {
			isa = PBXProject;
			attributes = {
				LastUpgradeCheck = 0810;
				ORGANIZATIONNAME = "Tim Mecking";
				TargetAttributes = {
					7B431D481DF651AD00228135 = {
						CreatedOnToolsVersion = 8.1;
						DevelopmentTeam = 68CMXNWZP4;
						ProvisioningStyle = Automatic;
					};
				};
			};
			buildConfigurationList = 7B431D441DF651AD00228135 /* Build configuration list for PBXProject "pdfbooklet" */;
			compatibilityVersion = "Xcode 3.2";
			developmentRegion = English;
			hasScannedForEncodings = 0;
			knownRegions = (
				en,
			);
			mainGroup = 7B431D401DF651AD00228135;
			productRefGroup = 7B431D4A1DF651AD00228135 /* Products */;
			projectDirPath = "";
			projectRoot = "";
			targets = (
				7B431D481DF651AD00228135 /* pdfbooklet */,
			);
		};
/* End PBXProject section */

/* Begin PBXSourcesBuildPhase section */
		7B431D451DF651AD00228135 /* Sources */ = {
			isa = PBXSourcesBuildPhase;
			buildActionMask = 2147483647;
			files = (
				7B431D4D1DF651AD00228135 /* main.m in Sources */,
			);
			runOnlyForDeploymentPostprocessing = 0;
		};
/* End PBXSourcesBuildPhase section */

/* Begin XCBuildConfiguration section */
		7B431D4E1DF651AD00228135 /* Debug */ = {
			isa = XCBuildConfiguration;
			buildSettings = {
				ALWAYS_SEARCH_USER_PATHS = NO;
				CLANG_ANALYZER_NONNULL = YES;
				CLANG_CXX_LANGUAGE_STANDARD = "gnu++0x";
				CLANG_CXX_LIBRARY = "libc++";
				CLANG_ENABLE_MODULES = YES;
				CLANG_ENABLE_OBJC_ARC = YES;
				CLANG_WARN_BOOL_CONVERSION = YES;
				CLANG_WARN_CONSTANT_CONVERSION = YES;
				CLANG_WARN_DIRECT_OBJC_ISA_USAGE = YES_ERROR;
				CLANG_WARN_DOCUMENTATION_COMMENTS = YES;
				CLANG_WARN_EMPTY_BODY = YES;
				CLANG_WARN_ENUM_CONVERSION = YES;
				CLANG_WARN_INFINITE_RECURSION = YES;
				CLANG_WARN_INT_CONVERSION = YES;
				CLANG_WARN_OBJC_ROOT_CLASS = YES_ERROR;
				CLANG_WARN_SUSPICIOUS_MOVES = YES;
				CLANG_WARN_UNREACHABLE_CODE = YES;
				CLANG_WARN__DUPLICATE_METHOD_MATCH = YES;
				CODE_SIGN_IDENTITY = "-";
				COPY_PHASE_STRIP = NO;
				DEBUG_INFORMATION_FORMAT = dwarf;
				DEPLOYMENT_LOCATION = NO;
				ENABLE_STRICT_OBJC_MSGSEND = YES;
				ENABLE_TESTABILITY = YES;
				GCC_C_LANGUAGE_STANDARD = gnu99;
				GCC_DYNAMIC_NO_PIC = NO;
				GCC_NO_COMMON_BLOCKS = YES;
				GCC_OPTIMIZATION_LEVEL = 0;
				GCC_PREPROCESSOR_DEFINITIONS = (
					"DEBUG=1",
					"$(inherited)",
				);
				GCC_WARN_64_TO_32_BIT_CONVERSION = YES;
				GCC_WARN_ABOUT_RETURN_TYPE = YES_ERROR;
				GCC_WARN_UNDECLARED_SELECTOR = YES;
				GCC_WARN_UNINITIALIZED_AUTOS = YES_AGGRESSIVE;
				GCC_WARN_UNUSED_FUNCTION = YES;
				GCC_WARN_UNUSED_VARIABLE = YES;
				MACOSX_DEPLOYMENT_TARGET = 10.11;
				MTL_ENABLE_DEBUG_INFO = YES;
				ONLY_ACTIVE_ARCH = YES;
				SDKROOT = macosx;
			};
			name = Debug;
		};
		7B431D4F1DF651AD00228135 /* Release */ = {
			isa = XCBuildConfiguration;
			buildSettings = {
				ALWAYS_SEARCH_USER_PATHS = NO;
				CLANG_ANALYZER_NONNULL = YES;
				CLANG_CXX_LANGUAGE_STANDARD = "gnu++0x";
				CLANG_CXX_LIBRARY = "libc++";
				CLANG_ENABLE_MODULES = YES;
				CLANG_ENABLE_OBJC_ARC = YES;
				CLANG_WARN_BOOL_CONVERSION = YES;
				CLANG_WARN_CONSTANT_CONVERSION = YES;
				CLANG_WARN_DIRECT_OBJC_ISA_USAGE = YES_ERROR;
				CLANG_WARN_DOCUMENTATION_COMMENTS = YES;
				CLANG_WARN_EMPTY_BODY = YES;
				CLANG_WARN_ENUM_CONVERSION = YES;
				CLANG_WARN_INFINITE_RECURSION = YES;
				CLANG_WARN_INT_CONVERSION = YES;
				CLANG_WARN_OBJC_ROOT_CLASS = YES_ERROR;
				CLANG_WARN_SUSPICIOUS_MOVES = YES;
				CLANG_WARN_UNREACHABLE_CODE = YES;
				CLANG_WARN__DUPLICATE_METHOD_MATCH = YES;
				CODE_SIGN_IDENTITY = "-";
				COPY_PHASE_STRIP = NO;
				DEBUG_INFORMATION_FORMAT = "dwarf-with-dsym";
				DEPLOYMENT_LOCATION = YES;
				DEPLOYMENT_POSTPROCESSING = YES;
				ENABLE_NS_ASSERTIONS = NO;
				ENABLE_STRICT_OBJC_MSGSEND = YES;
				GCC_C_LANGUAGE_STANDARD = gnu99;
				GCC_NO_COMMON_BLOCKS = YES;
				GCC_WARN_64_TO_32_BIT_CONVERSION = YES;
				GCC_WARN_ABOUT_RETURN_TYPE = YES_ERROR;
				GCC_WARN_UNDECLARED_SELECTOR = YES;
				GCC_WARN_UNINITIALIZED_AUTOS = YES_AGGRESSIVE;
				GCC_WARN_UNUSED_FUNCTION = YES;
				GCC_WARN_UNUSED_VARIABLE = YES;
				MACOSX_DEPLOYMENT_TARGET = 10.11;
				MTL_ENABLE_DEBUG_INFO = NO;
				SDKROOT = macosx;
			};
			name = Release;
		};
		7B431D511DF651AD00228135 /* Debug */ = {
			isa = XCBuildConfiguration;
			buildSettings = {
				DEVELOPMENT_TEAM = 68CMXNWZP4;
				PRODUCT_NAME = "$(TARGET_NAME)";
			};
			name = Debug;
		};
		7B431D521DF651AD00228135 /* Release */ = {
			isa = XCBuildConfiguration;
			buildSettings = {
				DEVELOPMENT_TEAM = 68CMXNWZP4;
				PRODUCT_NAME = "$(TARGET_NAME)";
			};
			name = Release;
		};
/* End XCBuildConfiguration section */

/* Begin XCConfigurationList section */
		7B431D441DF651AD00228135 /* Build configuration list for PBXProject "pdfbooklet" */ = {
			isa = XCConfigurationList;
			buildConfigurations = (
				7B431D4E1DF651AD00228135 /* Debug */,
				7B431D4F1DF651AD00228135 /* Release */,
			);
			defaultConfigurationIsVisible = 0;
			defaultConfigurationName = Release;
		};
		7B431D501DF651AD00228135 /* Build configuration list for PBXNativeTarget "pdfbooklet" */ = {
			isa = XCConfigurationList;
			buildConfigurations = (
				7B431D511DF651AD00228135 /* Debug */,
				7B431D521DF651AD00228135 /* Release */,
			);
			defaultConfigurationIsVisible = 0;
			defaultConfigurationName = Release;
		};
/* End XCConfigurationList section */
	};
	rootObject = 7B431D411DF651AD00228135 /* Project object */;
}
